
Microsoft Visual Studio Solution File, Format Version 12.00
# Visual Studio 15
VisualStudioVersion = 15.0.28307.421
MinimumVisualStudioVersion = 10.0.40219.1
Project("{FAE04EC0-301F-11D3-BF4B-00C04F79EFBC}") = "AppClima.Android", "AppClima\AppClima.Android\AppClima.Android.csproj", "{AD73FB60-6AF8-44BC-B19D-44C1361C6F29}"
EndProject
Project("{FAE04EC0-301F-11D3-BF4B-00C04F79EFBC}") = "AppClima.UWP", "AppClima\AppClima.UWP\AppClima.UWP.csproj", "{BF49E6E9-4568-4F97-B81A-13FA89B9B825}"
EndProject
Project("{FAE04EC0-301F-11D3-BF4B-00C04F79EFBC}") = "AppClima", "AppClima\AppClima\AppClima.csproj", "{6A4A8D55-1CD8-482C-98F3-093C34DC67ED}"
EndProject
Global
	GlobalSection(SolutionConfigurationPlatforms) = preSolution
		Debug|Any CPU = Debug|Any CPU
		Debug|ARM = Debug|ARM
		Debug|x64 = Debug|x64
		Debug|x86 = Debug|x86
		Release|Any CPU = Release|Any CPU
		Release|ARM = Release|ARM
		Release|x64 = Release|x64
		Release|x86 = Release|x86
	EndGlobalSection
	GlobalSection(ProjectConfigurationPlatforms) = postSolution
		{AD73FB60-6AF8-44BC-B19D-44C1361C6F29}.Debug|Any CPU.ActiveCfg = Debug|Any CPU
		{AD73FB60-6AF8-44BC-B19D-44C1361C6F29}.Debug|Any CPU.Build.0 = Debug|Any CPU
		{AD73FB60-6AF8-44BC-B19D-44C1361C6F29}.Debug|Any CPU.Deploy.0 = Debug|Any CPU
		{AD73FB60-6AF8-44BC-B19D-44C1361C6F29}.Debug|ARM.ActiveCfg = Debug|Any CPU
		{AD73FB60-6AF8-44BC-B19D-44C1361C6F29}.Debug|ARM.Build.0 = Debug|Any CPU
		{AD73FB60-6AF8-44BC-B19D-44C1361C6F29}.Debug|ARM.Deploy.0 = Debug|Any CPU
		{AD73FB60-6AF8-44BC-B19D-44C1361C6F29}.Debug|x64.ActiveCfg = Debug|Any CPU
		{AD73FB60-6AF8-44BC-B19D-44C1361C6F29}.Debug|x64.Build.0 = Debug|Any CPU
		{AD73FB60-6AF8-44BC-B19D-44C1361C6F29}.Debug|x64.Deploy.0 = Debug|Any CPU
		{AD73FB60-6AF8-44BC-B19D-44C1361C6F29}.Debug|x86.ActiveCfg = Debug|Any CPU
		{AD73FB60-6AF8-44BC-B19D-44C1361C6F29}.Debug|x86.Build.0 = Debug|Any CPU
		{AD73FB60-6AF8-44BC-B19D-44C1361C6F29}.Debug|x86.Deploy.0 = Debug|Any CPU
		{AD73FB60-6AF8-44BC-B19D-44C1361C6F29}.Release|Any CPU.ActiveCfg = Release|Any CPU
		{AD73FB60-6AF8-44BC-B19D-44C1361C6F29}.Release|Any CPU.Build.0 = Release|Any CPU
		{AD73FB60-6AF8-44BC-B19D-44C1361C6F29}.Release|Any CPU.Deploy.0 = Release|Any CPU
		{AD73FB60-6AF8-44BC-B19D-44C1361C6F29}.Release|ARM.ActiveCfg = Release|Any CPU
		{AD73FB60-6AF8-44BC-B19D-44C1361C6F29}.Release|ARM.Build.0 = Release|Any CPU
		{AD73FB60-6AF8-44BC-B19D-44C1361C6F29}.Release|ARM.Deploy.0 = Release|Any CPU
		{AD73FB60-6AF8-44BC-B19D-44C1361C6F29}.Release|x64.ActiveCfg = Release|Any CPU
		{AD73FB60-6AF8-44BC-B19D-44C1361C6F29}.Release|x64.Build.0 = Release|Any CPU
		{AD73FB60-6AF8-44BC-B19D-44C1361C6F29}.Release|x64.Deploy.0 = Release|Any CPU
		{AD73FB60-6AF8-44BC-B19D-44C1361C6F29}.Release|x86.ActiveCfg = Release|Any CPU
		{AD73FB60-6AF8-44BC-B19D-44C1361C6F29}.Release|x86.Build.0 = Release|Any CPU
		{AD73FB60-6AF8-44BC-B19D-44C1361C6F29}.Release|x86.Deploy.0 = Release|Any CPU
		{BF49E6E9-4568-4F97-B81A-13FA89B9B825}.Debug|Any CPU.ActiveCfg = Debug|x86
		{BF49E6E9-4568-4F97-B81A-13FA89B9B825}.Debug|Any CPU.Build.0 = Debug|x86
		{BF49E6E9-4568-4F97-B81A-13FA89B9B825}.Debug|Any CPU.Deploy.0 = Debug|x86
		{BF49E6E9-4568-4F97-B81A-13FA89B9B825}.Debug|ARM.ActiveCfg = Debug|ARM
		{BF49E6E9-4568-4F97-B81A-13FA89B9B825}.Debug|ARM.Build.0 = Debug|ARM
		{BF49E6E9-4568-4F97-B81A-13FA89B9B825}.Debug|ARM.Deploy.0 = Debug|ARM
		{BF49E6E9-4568-4F97-B81A-13FA89B9B825}.Debug|x64.ActiveCfg = Debug|x64
		{BF49E6E9-4568-4F97-B81A-13FA89B9B825}.Debug|x64.Build.0 = Debug|x64
		{BF49E6E9-4568-4F97-B81A-13FA89B9B825}.Debug|x64.Deploy.0 = Debug|x64
		{BF49E6E9-4568-4F97-B81A-13FA89B9B825}.Debug|x86.ActiveCfg = Debug|x86
		{BF49E6E9-4568-4F97-B81A-13FA89B9B825}.Debug|x86.Build.0 = Debug|x86
		{BF49E6E9-4568-4F97-B81A-13FA89B9B825}.Debug|x86.Deploy.0 = Debug|x86
		{BF49E6E9-4568-4F97-B81A-13FA89B9B825}.Release|Any CPU.ActiveCfg = Release|x86
		{BF49E6E9-4568-4F97-B81A-13FA89B9B825}.Release|Any CPU.Build.0 = Release|x86
		{BF49E6E9-4568-4F97-B81A-13FA89B9B825}.Release|Any CPU.Deploy.0 = Release|x86
		{BF49E6E9-4568-4F97-B81A-13FA89B9B825}.Release|ARM.ActiveCfg = Release|ARM
		{BF49E6E9-4568-4F97-B81A-13FA89B9B825}.Release|ARM.Build.0 = Release|ARM
		{BF49E6E9-4568-4F97-B81A-13FA89B9B825}.Release|ARM.Deploy.0 = Release|ARM
		{BF49E6E9-4568-4F97-B81A-13FA89B9B825}.Release|x64.ActiveCfg = Release|x64
		{BF49E6E9-4568-4F97-B81A-13FA89B9B825}.Release|x64.Build.0 = Release|x64
		{BF49E6E9-4568-4F97-B81A-13FA89B9B825}.Release|x64.Deploy.0 = Release|x64
		{BF49E6E9-4568-4F97-B81A-13FA89B9B825}.Release|x86.ActiveCfg = Release|x86
		{BF49E6E9-4568-4F97-B81A-13FA89B9B825}.Release|x86.Build.0 = Release|x86
		{BF49E6E9-4568-4F97-B81A-13FA89B9B825}.Release|x86.Deploy.0 = Release|x86
		{6A4A8D55-1CD8-482C-98F3-093C34DC67ED}.Debug|Any CPU.ActiveCfg = Debug|Any CPU
		{6A4A8D55-1CD8-482C-98F3-093C34DC67ED}.Debug|Any CPU.Build.0 = Debug|Any CPU
		{6A4A8D55-1CD8-482C-98F3-093C34DC67ED}.Debug|Any CPU.Deploy.0 = Debug|Any CPU
		{6A4A8D55-1CD8-482C-98F3-093C34DC67ED}.Debug|ARM.ActiveCfg = Debug|Any CPU
		{6A4A8D55-1CD8-482C-98F3-093C34DC67ED}.Debug|ARM.Build.0 = Debug|Any CPU
		{6A4A8D55-1CD8-482C-98F3-093C34DC67ED}.Debug|ARM.Deploy.0 = Debug|Any CPU
		{6A4A8D55-1CD8-482C-98F3-093C34DC67ED}.Debug|x64.ActiveCfg = Debug|Any CPU
		{6A4A8D55-1CD8-482C-98F3-093C34DC67ED}.Debug|x64.Build.0 = Debug|Any CPU
		{6A4A8D55-1CD8-482C-98F3-093C34DC67ED}.Debug|x64.Deploy.0 = Debug|Any CPU
		{6A4A8D55-1CD8-482C-98F3-093C34DC67ED}.Debug|x86.ActiveCfg = Debug|Any CPU
		{6A4A8D55-1CD8-482C-98F3-093C34DC67ED}.Debug|x86.Build.0 = Debug|Any CPU
		{6A4A8D55-1CD8-482C-98F3-093C34DC67ED}.Debug|x86.Deploy.0 = Debug|Any CPU
		{6A4A8D55-1CD8-482C-98F3-093C34DC67ED}.Release|Any CPU.ActiveCfg = Release|Any CPU
		{6A4A8D55-1CD8-482C-98F3-093C34DC67ED}.Release|Any CPU.Build.0 = Release|Any CPU
		{6A4A8D55-1CD8-482C-98F3-093C34DC67ED}.Release|Any CPU.Deploy.0 = Release|Any CPU
		{6A4A8D55-1CD8-482C-98F3-093C34DC67ED}.Release|ARM.ActiveCfg = Release|Any CPU
		{6A4A8D55-1CD8-482C-98F3-093C34DC67ED}.Release|ARM.Build.0 = Release|Any CPU
		{6A4A8D55-1CD8-482C-98F3-093C34DC67ED}.Release|ARM.Deploy.0 = Release|Any CPU
		{6A4A8D55-1CD8-482C-98F3-093C34DC67ED}.Release|x64.ActiveCfg = Release|Any CPU
		{6A4A8D55-1CD8-482C-98F3-093C34DC67ED}.Release|x64.Build.0 = Release|Any CPU
		{6A4A8D55-1CD8-482C-98F3-093C34DC67ED}.Release|x64.Deploy.0 = Release|Any CPU
		{6A4A8D55-1CD8-482C-98F3-093C34DC67ED}.Release|x86.ActiveCfg = Release|Any CPU
		{6A4A8D55-1CD8-482C-98F3-093C34DC67ED}.Release|x86.Build.0 = Release|Any CPU
		{6A4A8D55-1CD8-482C-98F3-093C34DC67ED}.Release|x86.Deploy.0 = Release|Any CPU
	EndGlobalSection
	GlobalSection(SolutionProperties) = preSolution
		HideSolutionNode = FALSE
	EndGlobalSection
	GlobalSection(ExtensibilityGlobals) = postSolution
		SolutionGuid = {EAC66D45-E6D9-4044-B2E7-20B330D59730}
	EndGlobalSection
EndGlobal
